// !$*UTF8*$!
{
	archiveVersion = 1;
	classes = {
	};
	objectVersion = 48;
	objects = {

/* Begin PBXBuildFile section */
		3DC239358BEF24D4C9D434A3 /* Pods_MIOS.framework in Frameworks */ = {isa = PBXBuildFile; fileRef = 1E7D25C7E051FC67BB4210EA /* Pods_MIOS.framework */; };
		441030CC201F886100671B2A /* ProfileSelectionVC.swift in Sources */ = {isa = PBXBuildFile; fileRef = 441030CB201F886100671B2A /* ProfileSelectionVC.swift */; };
		441030CE201F888800671B2A /* SignupVC.swift in Sources */ = {isa = PBXBuildFile; fileRef = 441030CD201F888800671B2A /* SignupVC.swift */; };
		441030D0201F88B500671B2A /* SexAndBirthdateVC.swift in Sources */ = {isa = PBXBuildFile; fileRef = 441030CF201F88B500671B2A /* SexAndBirthdateVC.swift */; };
		441030D2201F88D900671B2A /* MIOSIdVC.swift in Sources */ = {isa = PBXBuildFile; fileRef = 441030D1201F88D900671B2A /* MIOSIdVC.swift */; };
		441030D4201F890A00671B2A /* MainTabBarController.swift in Sources */ = {isa = PBXBuildFile; fileRef = 441030D3201F890A00671B2A /* MainTabBarController.swift */; };
		441030D7201F894600671B2A /* User.swift in Sources */ = {isa = PBXBuildFile; fileRef = 441030D6201F894600671B2A /* User.swift */; };
		441030DC201F89AA00671B2A /* Extentions.swift in Sources */ = {isa = PBXBuildFile; fileRef = 441030DB201F89AA00671B2A /* Extentions.swift */; };
		441030DE201F89E700671B2A /* Constants.swift in Sources */ = {isa = PBXBuildFile; fileRef = 441030DD201F89E700671B2A /* Constants.swift */; };
		441030E0201F8A0600671B2A /* CustomImageView.swift in Sources */ = {isa = PBXBuildFile; fileRef = 441030DF201F8A0600671B2A /* CustomImageView.swift */; };
		441030E3201F8A8000671B2A /* UserProfileVC.swift in Sources */ = {isa = PBXBuildFile; fileRef = 441030E2201F8A8000671B2A /* UserProfileVC.swift */; };
		441030E5201F8AA000671B2A /* UserProfileHeaderCell.swift in Sources */ = {isa = PBXBuildFile; fileRef = 441030E4201F8AA000671B2A /* UserProfileHeaderCell.swift */; };
		441030E7201F8AC300671B2A /* UserTabCell.swift in Sources */ = {isa = PBXBuildFile; fileRef = 441030E6201F8AC300671B2A /* UserTabCell.swift */; };
		441CCF3F201F846400665115 /* AppDelegate.swift in Sources */ = {isa = PBXBuildFile; fileRef = 441CCF3E201F846400665115 /* AppDelegate.swift */; };
		441CCF41201F846400665115 /* LoginVC.swift in Sources */ = {isa = PBXBuildFile; fileRef = 441CCF40201F846400665115 /* LoginVC.swift */; };
		441CCF44201F846400665115 /* Main.storyboard in Resources */ = {isa = PBXBuildFile; fileRef = 441CCF42201F846400665115 /* Main.storyboard */; };
		441CCF46201F846400665115 /* Assets.xcassets in Resources */ = {isa = PBXBuildFile; fileRef = 441CCF45201F846400665115 /* Assets.xcassets */; };
		441CCF49201F846400665115 /* LaunchScreen.storyboard in Resources */ = {isa = PBXBuildFile; fileRef = 441CCF47201F846400665115 /* LaunchScreen.storyboard */; };
		441CCF51201F84DE00665115 /* GoogleService-Info.plist in Resources */ = {isa = PBXBuildFile; fileRef = 441CCF50201F84DE00665115 /* GoogleService-Info.plist */; };
/* End PBXBuildFile section */

/* Begin PBXFileReference section */
		1E7D25C7E051FC67BB4210EA /* Pods_MIOS.framework */ = {isa = PBXFileReference; explicitFileType = wrapper.framework; includeInIndex = 0; path = Pods_MIOS.framework; sourceTree = BUILT_PRODUCTS_DIR; };
		441030CB201F886100671B2A /* ProfileSelectionVC.swift */ = {isa = PBXFileReference; lastKnownFileType = sourcecode.swift; path = ProfileSelectionVC.swift; sourceTree = "<group>"; };
		441030CD201F888800671B2A /* SignupVC.swift */ = {isa = PBXFileReference; lastKnownFileType = sourcecode.swift; path = SignupVC.swift; sourceTree = "<group>"; };
		441030CF201F88B500671B2A /* SexAndBirthdateVC.swift */ = {isa = PBXFileReference; lastKnownFileType = sourcecode.swift; path = SexAndBirthdateVC.swift; sourceTree = "<group>"; };
		441030D1201F88D900671B2A /* MIOSIdVC.swift */ = {isa = PBXFileReference; lastKnownFileType = sourcecode.swift; path = MIOSIdVC.swift; sourceTree = "<group>"; };
		441030D3201F890A00671B2A /* MainTabBarController.swift */ = {isa = PBXFileReference; lastKnownFileType = sourcecode.swift; path = MainTabBarController.swift; sourceTree = "<group>"; };
		441030D6201F894600671B2A /* User.swift */ = {isa = PBXFileReference; lastKnownFileType = sourcecode.swift; path = User.swift; sourceTree = "<group>"; };
		441030DB201F89AA00671B2A /* Extentions.swift */ = {isa = PBXFileReference; lastKnownFileType = sourcecode.swift; path = Extentions.swift; sourceTree = "<group>"; };
		441030DD201F89E700671B2A /* Constants.swift */ = {isa = PBXFileReference; lastKnownFileType = sourcecode.swift; path = Constants.swift; sourceTree = "<group>"; };
		441030DF201F8A0600671B2A /* CustomImageView.swift */ = {isa = PBXFileReference; lastKnownFileType = sourcecode.swift; path = CustomImageView.swift; sourceTree = "<group>"; };
		441030E2201F8A8000671B2A /* UserProfileVC.swift */ = {isa = PBXFileReference; lastKnownFileType = sourcecode.swift; path = UserProfileVC.swift; sourceTree = "<group>"; };
		441030E4201F8AA000671B2A /* UserProfileHeaderCell.swift */ = {isa = PBXFileReference; lastKnownFileType = sourcecode.swift; path = UserProfileHeaderCell.swift; sourceTree = "<group>"; };
		441030E6201F8AC300671B2A /* UserTabCell.swift */ = {isa = PBXFileReference; lastKnownFileType = sourcecode.swift; path = UserTabCell.swift; sourceTree = "<group>"; };
		441CCF3B201F846400665115 /* MIOS.app */ = {isa = PBXFileReference; explicitFileType = wrapper.application; includeInIndex = 0; path = MIOS.app; sourceTree = BUILT_PRODUCTS_DIR; };
		441CCF3E201F846400665115 /* AppDelegate.swift */ = {isa = PBXFileReference; lastKnownFileType = sourcecode.swift; path = AppDelegate.swift; sourceTree = "<group>"; };
		441CCF40201F846400665115 /* LoginVC.swift */ = {isa = PBXFileReference; lastKnownFileType = sourcecode.swift; path = LoginVC.swift; sourceTree = "<group>"; };
		441CCF43201F846400665115 /* Base */ = {isa = PBXFileReference; lastKnownFileType = file.storyboard; name = Base; path = Base.lproj/Main.storyboard; sourceTree = "<group>"; };
		441CCF45201F846400665115 /* Assets.xcassets */ = {isa = PBXFileReference; lastKnownFileType = folder.assetcatalog; path = Assets.xcassets; sourceTree = "<group>"; };
		441CCF48201F846400665115 /* Base */ = {isa = PBXFileReference; lastKnownFileType = file.storyboard; name = Base; path = Base.lproj/LaunchScreen.storyboard; sourceTree = "<group>"; };
		441CCF4A201F846400665115 /* Info.plist */ = {isa = PBXFileReference; lastKnownFileType = text.plist.xml; path = Info.plist; sourceTree = "<group>"; };
		441CCF50201F84DE00665115 /* GoogleService-Info.plist */ = {isa = PBXFileReference; fileEncoding = 4; lastKnownFileType = text.plist.xml; path = "GoogleService-Info.plist"; sourceTree = "<group>"; };
		48266F21758FD4CDFC1EC980 /* Pods-MIOS.release.xcconfig */ = {isa = PBXFileReference; includeInIndex = 1; lastKnownFileType = text.xcconfig; name = "Pods-MIOS.release.xcconfig"; path = "Pods/Target Support Files/Pods-MIOS/Pods-MIOS.release.xcconfig"; sourceTree = "<group>"; };
		D88A0D5AEE3E8A1E4704CF6D /* Pods-MIOS.debug.xcconfig */ = {isa = PBXFileReference; includeInIndex = 1; lastKnownFileType = text.xcconfig; name = "Pods-MIOS.debug.xcconfig"; path = "Pods/Target Support Files/Pods-MIOS/Pods-MIOS.debug.xcconfig"; sourceTree = "<group>"; };
/* End PBXFileReference section */

/* Begin PBXFrameworksBuildPhase section */
		441CCF38201F846400665115 /* Frameworks */ = {
			isa = PBXFrameworksBuildPhase;
			buildActionMask = 2147483647;
			files = (
				3DC239358BEF24D4C9D434A3 /* Pods_MIOS.framework in Frameworks */,
			);
			runOnlyForDeploymentPostprocessing = 0;
		};
/* End PBXFrameworksBuildPhase section */

/* Begin PBXGroup section */
		3A53EE392FF8F692E5AD992F /* Frameworks */ = {
			isa = PBXGroup;
			children = (
				1E7D25C7E051FC67BB4210EA /* Pods_MIOS.framework */,
			);
			name = Frameworks;
			sourceTree = "<group>";
		};
		441030C8201F876100671B2A /* SupportingFiles */ = {
			isa = PBXGroup;
			children = (
				441CCF50201F84DE00665115 /* GoogleService-Info.plist */,
			);
			path = SupportingFiles;
			sourceTree = "<group>";
		};
		441030C9201F877700671B2A /* Views */ = {
			isa = PBXGroup;
			children = (
				441CCF47201F846400665115 /* LaunchScreen.storyboard */,
				441CCF42201F846400665115 /* Main.storyboard */,
				441CCF45201F846400665115 /* Assets.xcassets */,
			);
			path = Views;
			sourceTree = "<group>";
		};
		441030CA201F882100671B2A /* Login-Signup */ = {
			isa = PBXGroup;
			children = (
				441CCF40201F846400665115 /* LoginVC.swift */,
				441030CB201F886100671B2A /* ProfileSelectionVC.swift */,
				441030CD201F888800671B2A /* SignupVC.swift */,
				441030CF201F88B500671B2A /* SexAndBirthdateVC.swift */,
				441030D1201F88D900671B2A /* MIOSIdVC.swift */,
			);
			path = "Login-Signup";
			sourceTree = "<group>";
		};
		441030D5201F893800671B2A /* Models */ = {
			isa = PBXGroup;
			children = (
				441030D6201F894600671B2A /* User.swift */,
			);
			path = Models;
			sourceTree = "<group>";
		};
		441030D8201F896100671B2A /* Utilities */ = {
			isa = PBXGroup;
			children = (
				441030DB201F89AA00671B2A /* Extentions.swift */,
				441030DD201F89E700671B2A /* Constants.swift */,
				441030DF201F8A0600671B2A /* CustomImageView.swift */,
			);
			path = Utilities;
			sourceTree = "<group>";
		};
		441030E1201F8A5300671B2A /* UserProfile */ = {
			isa = PBXGroup;
			children = (
				441030E2201F8A8000671B2A /* UserProfileVC.swift */,
				441030E4201F8AA000671B2A /* UserProfileHeaderCell.swift */,
				441030E6201F8AC300671B2A /* UserTabCell.swift */,
			);
			path = UserProfile;
			sourceTree = "<group>";
		};
		441CCF32201F846400665115 = {
			isa = PBXGroup;
			children = (
				441CCF3D201F846400665115 /* MIOS */,
				441CCF3C201F846400665115 /* Products */,
				80071C98BDCC39E3518ED9CD /* Pods */,
				3A53EE392FF8F692E5AD992F /* Frameworks */,
			);
			sourceTree = "<group>";
		};
		441CCF3C201F846400665115 /* Products */ = {
			isa = PBXGroup;
			children = (
				441CCF3B201F846400665115 /* MIOS.app */,
			);
			name = Products;
			sourceTree = "<group>";
		};
		441CCF3D201F846400665115 /* MIOS */ = {
			isa = PBXGroup;
			children = (
				441CCF3E201F846400665115 /* AppDelegate.swift */,
				441030D3201F890A00671B2A /* MainTabBarController.swift */,
				441030D5201F893800671B2A /* Models */,
				441030D8201F896100671B2A /* Utilities */,
				441030CA201F882100671B2A /* Login-Signup */,
				441030E1201F8A5300671B2A /* UserProfile */,
				441030C9201F877700671B2A /* Views */,
				441030C8201F876100671B2A /* SupportingFiles */,
				441CCF4A201F846400665115 /* Info.plist */,
			);
			path = MIOS;
			sourceTree = "<group>";
		};
		80071C98BDCC39E3518ED9CD /* Pods */ = {
			isa = PBXGroup;
			children = (
				D88A0D5AEE3E8A1E4704CF6D /* Pods-MIOS.debug.xcconfig */,
				48266F21758FD4CDFC1EC980 /* Pods-MIOS.release.xcconfig */,
			);
			name = Pods;
			sourceTree = "<group>";
		};
/* End PBXGroup section */

/* Begin PBXNativeTarget section */
		441CCF3A201F846400665115 /* MIOS */ = {
			isa = PBXNativeTarget;
			buildConfigurationList = 441CCF4D201F846400665115 /* Build configuration list for PBXNativeTarget "MIOS" */;
			buildPhases = (
				146CA1723640EDAEADB41629 /* [CP] Check Pods Manifest.lock */,
				441CCF37201F846400665115 /* Sources */,
				441CCF38201F846400665115 /* Frameworks */,
				441CCF39201F846400665115 /* Resources */,
				F91C01145316676BB63B5320 /* [CP] Embed Pods Frameworks */,
				7F2CE81A2605FE9FC50FC082 /* [CP] Copy Pods Resources */,
			);
			buildRules = (
			);
			dependencies = (
			);
			name = MIOS;
			productName = MIOS;
			productReference = 441CCF3B201F846400665115 /* MIOS.app */;
			productType = "com.apple.product-type.application";
		};
/* End PBXNativeTarget section */

/* Begin PBXProject section */
		441CCF33201F846400665115 /* Project object */ = {
			isa = PBXProject;
			attributes = {
				LastSwiftUpdateCheck = 0920;
				LastUpgradeCheck = 0920;
				ORGANIZATIONNAME = "Nathaniel Remy";
				TargetAttributes = {
					441CCF3A201F846400665115 = {
						CreatedOnToolsVersion = 9.2;
						ProvisioningStyle = Automatic;
					};
				};
			};
			buildConfigurationList = 441CCF36201F846400665115 /* Build configuration list for PBXProject "MIOS" */;
			compatibilityVersion = "Xcode 8.0";
			developmentRegion = en;
			hasScannedForEncodings = 0;
			knownRegions = (
				en,
				Base,
			);
			mainGroup = 441CCF32201F846400665115;
			productRefGroup = 441CCF3C201F846400665115 /* Products */;
			projectDirPath = "";
			projectRoot = "";
			targets = (
				441CCF3A201F846400665115 /* MIOS */,
			);
		};
/* End PBXProject section */

/* Begin PBXResourcesBuildPhase section */
		441CCF39201F846400665115 /* Resources */ = {
			isa = PBXResourcesBuildPhase;
			buildActionMask = 2147483647;
			files = (
				441CCF51201F84DE00665115 /* GoogleService-Info.plist in Resources */,
				441CCF49201F846400665115 /* LaunchScreen.storyboard in Resources */,
				441CCF46201F846400665115 /* Assets.xcassets in Resources */,
				441CCF44201F846400665115 /* Main.storyboard in Resources */,
			);
			runOnlyForDeploymentPostprocessing = 0;
		};
/* End PBXResourcesBuildPhase section */

/* Begin PBXShellScriptBuildPhase section */
		146CA1723640EDAEADB41629 /* [CP] Check Pods Manifest.lock */ = {
			isa = PBXShellScriptBuildPhase;
			buildActionMask = 2147483647;
			files = (
			);
			inputPaths = (
				"${PODS_PODFILE_DIR_PATH}/Podfile.lock",
				"${PODS_ROOT}/Manifest.lock",
			);
			name = "[CP] Check Pods Manifest.lock";
			outputPaths = (
				"$(DERIVED_FILE_DIR)/Pods-MIOS-checkManifestLockResult.txt",
			);
			runOnlyForDeploymentPostprocessing = 0;
			shellPath = /bin/sh;
			shellScript = "diff \"${PODS_PODFILE_DIR_PATH}/Podfile.lock\" \"${PODS_ROOT}/Manifest.lock\" > /dev/null\nif [ $? != 0 ] ; then\n    # print error to STDERR\n    echo \"error: The sandbox is not in sync with the Podfile.lock. Run 'pod install' or update your CocoaPods installation.\" >&2\n    exit 1\nfi\n# This output is used by Xcode 'outputs' to avoid re-running this script phase.\necho \"SUCCESS\" > \"${SCRIPT_OUTPUT_FILE_0}\"\n";
			showEnvVarsInLog = 0;
		};
		7F2CE81A2605FE9FC50FC082 /* [CP] Copy Pods Resources */ = {
			isa = PBXShellScriptBuildPhase;
			buildActionMask = 2147483647;
			files = (
			);
			inputPaths = (
			);
			name = "[CP] Copy Pods Resources";
			outputPaths = (
			);
			runOnlyForDeploymentPostprocessing = 0;
			shellPath = /bin/sh;
			shellScript = "\"${SRCROOT}/Pods/Target Support Files/Pods-MIOS/Pods-MIOS-resources.sh\"\n";
			showEnvVarsInLog = 0;
		};
		F91C01145316676BB63B5320 /* [CP] Embed Pods Frameworks */ = {
			isa = PBXShellScriptBuildPhase;
			buildActionMask = 2147483647;
			files = (
			);
			inputPaths = (
				"${SRCROOT}/Pods/Target Support Files/Pods-MIOS/Pods-MIOS-frameworks.sh",
				"${BUILT_PRODUCTS_DIR}/GTMSessionFetcher/GTMSessionFetcher.framework",
				"${BUILT_PRODUCTS_DIR}/GoogleToolboxForMac/GoogleToolboxForMac.framework",
				"${BUILT_PRODUCTS_DIR}/leveldb-library/leveldb.framework",
				"${BUILT_PRODUCTS_DIR}/nanopb/nanopb.framework",
			);
			name = "[CP] Embed Pods Frameworks";
			outputPaths = (
				"${TARGET_BUILD_DIR}/${FRAMEWORKS_FOLDER_PATH}/GTMSessionFetcher.framework",
				"${TARGET_BUILD_DIR}/${FRAMEWORKS_FOLDER_PATH}/GoogleToolboxForMac.framework",
				"${TARGET_BUILD_DIR}/${FRAMEWORKS_FOLDER_PATH}/leveldb.framework",
				"${TARGET_BUILD_DIR}/${FRAMEWORKS_FOLDER_PATH}/nanopb.framework",
			);
			runOnlyForDeploymentPostprocessing = 0;
			shellPath = /bin/sh;
			shellScript = "\"${SRCROOT}/Pods/Target Support Files/Pods-MIOS/Pods-MIOS-frameworks.sh\"\n";
			showEnvVarsInLog = 0;
		};
/* End PBXShellScriptBuildPhase section */

/* Begin PBXSourcesBuildPhase section */
		441CCF37201F846400665115 /* Sources */ = {
			isa = PBXSourcesBuildPhase;
			buildActionMask = 2147483647;
			files = (
				441030CE201F888800671B2A /* SignupVC.swift in Sources */,
				441CCF41201F846400665115 /* LoginVC.swift in Sources */,
				441CCF3F201F846400665115 /* AppDelegate.swift in Sources */,
				441030D4201F890A00671B2A /* MainTabBarController.swift in Sources */,
				441030D7201F894600671B2A /* User.swift in Sources */,
				441030DE201F89E700671B2A /* Constants.swift in Sources */,
				441030CC201F886100671B2A /* ProfileSelectionVC.swift in Sources */,
				441030E0201F8A0600671B2A /* CustomImageView.swift in Sources */,
				441030D0201F88B500671B2A /* SexAndBirthdateVC.swift in Sources */,
				441030D2201F88D900671B2A /* MIOSIdVC.swift in Sources */,
				441030E7201F8AC300671B2A /* UserTabCell.swift in Sources */,
				441030DC201F89AA00671B2A /* Extentions.swift in Sources */,
				441030E5201F8AA000671B2A /* UserProfileHeaderCell.swift in Sources */,
				441030E3201F8A8000671B2A /* UserProfileVC.swift in Sources */,
			);
			runOnlyForDeploymentPostprocessing = 0;
		};
/* End PBXSourcesBuildPhase section */

/* Begin PBXVariantGroup section */
		441CCF42201F846400665115 /* Main.storyboard */ = {
			isa = PBXVariantGroup;
			children = (
				441CCF43201F846400665115 /* Base */,
			);
			name = Main.storyboard;
			sourceTree = "<group>";
		};
		441CCF47201F846400665115 /* LaunchScreen.storyboard */ = {
			isa = PBXVariantGroup;
			children = (
				441CCF48201F846400665115 /* Base */,
			);
			name = LaunchScreen.storyboard;
			sourceTree = "<group>";
		};
/* End PBXVariantGroup section */

/* Begin XCBuildConfiguration section */
		441CCF4B201F846400665115 /* Debug */ = {
			isa = XCBuildConfiguration;
			buildSettings = {
				ALWAYS_SEARCH_USER_PATHS = NO;
				CLANG_ANALYZER_NONNULL = YES;
				CLANG_ANALYZER_NUMBER_OBJECT_CONVERSION = YES_AGGRESSIVE;
				CLANG_CXX_LANGUAGE_STANDARD = "gnu++14";
				CLANG_CXX_LIBRARY = "libc++";
				CLANG_ENABLE_MODULES = YES;
				CLANG_ENABLE_OBJC_ARC = YES;
				CLANG_WARN_BLOCK_CAPTURE_AUTORELEASING = YES;
				CLANG_WARN_BOOL_CONVERSION = YES;
				CLANG_WARN_COMMA = YES;
				CLANG_WARN_CONSTANT_CONVERSION = YES;
				CLANG_WARN_DIRECT_OBJC_ISA_USAGE = YES_ERROR;
				CLANG_WARN_DOCUMENTATION_COMMENTS = YES;
				CLANG_WARN_EMPTY_BODY = YES;
				CLANG_WARN_ENUM_CONVERSION = YES;
				CLANG_WARN_INFINITE_RECURSION = YES;
				CLANG_WARN_INT_CONVERSION = YES;
				CLANG_WARN_NON_LITERAL_NULL_CONVERSION = YES;
				CLANG_WARN_OBJC_LITERAL_CONVERSION = YES;
				CLANG_WARN_OBJC_ROOT_CLASS = YES_ERROR;
				CLANG_WARN_RANGE_LOOP_ANALYSIS = YES;
				CLANG_WARN_STRICT_PROTOTYPES = YES;
				CLANG_WARN_SUSPICIOUS_MOVE = YES;
				CLANG_WARN_UNGUARDED_AVAILABILITY = YES_AGGRESSIVE;
				CLANG_WARN_UNREACHABLE_CODE = YES;
				CLANG_WARN__DUPLICATE_METHOD_MATCH = YES;
				CODE_SIGN_IDENTITY = "iPhone Developer";
				COPY_PHASE_STRIP = NO;
				DEBUG_INFORMATION_FORMAT = dwarf;
				ENABLE_STRICT_OBJC_MSGSEND = YES;
				ENABLE_TESTABILITY = YES;
				GCC_C_LANGUAGE_STANDARD = gnu11;
				GCC_DYNAMIC_NO_PIC = NO;
				GCC_NO_COMMON_BLOCKS = YES;
				GCC_OPTIMIZATION_LEVEL = 0;
				GCC_PREPROCESSOR_DEFINITIONS = (
					"DEBUG=1",
					"$(inherited)",
				);
				GCC_WARN_64_TO_32_BIT_CONVERSION = YES;
				GCC_WARN_ABOUT_RETURN_TYPE = YES_ERROR;
				GCC_WARN_UNDECLARED_SELECTOR = YES;
				GCC_WARN_UNINITIALIZED_AUTOS = YES_AGGRESSIVE;
				GCC_WARN_UNUSED_FUNCTION = YES;
				GCC_WARN_UNUSED_VARIABLE = YES;
				IPHONEOS_DEPLOYMENT_TARGET = 11.2;
				MTL_ENABLE_DEBUG_INFO = YES;
				ONLY_ACTIVE_ARCH = YES;
				SDKROOT = iphoneos;
				SWIFT_ACTIVE_COMPILATION_CONDITIONS = DEBUG;
				SWIFT_OPTIMIZATION_LEVEL = "-Onone";
			};
			name = Debug;
		};
		441CCF4C201F846400665115 /* Release */ = {
			isa = XCBuildConfiguration;
			buildSettings = {
				ALWAYS_SEARCH_USER_PATHS = NO;
				CLANG_ANALYZER_NONNULL = YES;
				CLANG_ANALYZER_NUMBER_OBJECT_CONVERSION = YES_AGGRESSIVE;
				CLANG_CXX_LANGUAGE_STANDARD = "gnu++14";
				CLANG_CXX_LIBRARY = "libc++";
				CLANG_ENABLE_MODULES = YES;
				CLANG_ENABLE_OBJC_ARC = YES;
				CLANG_WARN_BLOCK_CAPTURE_AUTORELEASING = YES;
				CLANG_WARN_BOOL_CONVERSION = YES;
				CLANG_WARN_COMMA = YES;
				CLANG_WARN_CONSTANT_CONVERSION = YES;
				CLANG_WARN_DIRECT_OBJC_ISA_USAGE = YES_ERROR;
				CLANG_WARN_DOCUMENTATION_COMMENTS = YES;
				CLANG_WARN_EMPTY_BODY = YES;
				CLANG_WARN_ENUM_CONVERSION = YES;
				CLANG_WARN_INFINITE_RECURSION = YES;
				CLANG_WARN_INT_CONVERSION = YES;
				CLANG_WARN_NON_LITERAL_NULL_CONVERSION = YES;
				CLANG_WARN_OBJC_LITERAL_CONVERSION = YES;
				CLANG_WARN_OBJC_ROOT_CLASS = YES_ERROR;
				CLANG_WARN_RANGE_LOOP_ANALYSIS = YES;
				CLANG_WARN_STRICT_PROTOTYPES = YES;
				CLANG_WARN_SUSPICIOUS_MOVE = YES;
				CLANG_WARN_UNGUARDED_AVAILABILITY = YES_AGGRESSIVE;
				CLANG_WARN_UNREACHABLE_CODE = YES;
				CLANG_WARN__DUPLICATE_METHOD_MATCH = YES;
				CODE_SIGN_IDENTITY = "iPhone Developer";
				COPY_PHASE_STRIP = NO;
				DEBUG_INFORMATION_FORMAT = "dwarf-with-dsym";
				ENABLE_NS_ASSERTIONS = NO;
				ENABLE_STRICT_OBJC_MSGSEND = YES;
				GCC_C_LANGUAGE_STANDARD = gnu11;
				GCC_NO_COMMON_BLOCKS = YES;
				GCC_WARN_64_TO_32_BIT_CONVERSION = YES;
				GCC_WARN_ABOUT_RETURN_TYPE = YES_ERROR;
				GCC_WARN_UNDECLARED_SELECTOR = YES;
				GCC_WARN_UNINITIALIZED_AUTOS = YES_AGGRESSIVE;
				GCC_WARN_UNUSED_FUNCTION = YES;
				GCC_WARN_UNUSED_VARIABLE = YES;
				IPHONEOS_DEPLOYMENT_TARGET = 11.2;
				MTL_ENABLE_DEBUG_INFO = NO;
				SDKROOT = iphoneos;
				SWIFT_OPTIMIZATION_LEVEL = "-Owholemodule";
				VALIDATE_PRODUCT = YES;
			};
			name = Release;
		};
		441CCF4E201F846400665115 /* Debug */ = {
			isa = XCBuildConfiguration;
			baseConfigurationReference = D88A0D5AEE3E8A1E4704CF6D /* Pods-MIOS.debug.xcconfig */;
			buildSettings = {
				ASSETCATALOG_COMPILER_APPICON_NAME = AppIcon;
				CODE_SIGN_STYLE = Automatic;
				DEVELOPMENT_TEAM = 6ZT386G464;
				INFOPLIST_FILE = MIOS/Info.plist;
				IPHONEOS_DEPLOYMENT_TARGET = 11.0;
				LD_RUNPATH_SEARCH_PATHS = "$(inherited) @executable_path/Frameworks";
				PRODUCT_BUNDLE_IDENTIFIER = com.NathanielRemy.MIOS;
				PRODUCT_NAME = "$(TARGET_NAME)";
				SWIFT_VERSION = 4.0;
				TARGETED_DEVICE_FAMILY = 1;
			};
			name = Debug;
		};
		441CCF4F201F846400665115 /* Release */ = {
			isa = XCBuildConfiguration;
			baseConfigurationReference = 48266F21758FD4CDFC1EC980 /* Pods-MIOS.release.xcconfig */;
			buildSettings = {
				ASSETCATALOG_COMPILER_APPICON_NAME = AppIcon;
				CODE_SIGN_STYLE = Automatic;
				DEVELOPMENT_TEAM = 6ZT386G464;
				INFOPLIST_FILE = MIOS/Info.plist;
				IPHONEOS_DEPLOYMENT_TARGET = 11.0;
				LD_RUNPATH_SEARCH_PATHS = "$(inherited) @executable_path/Frameworks";
				PRODUCT_BUNDLE_IDENTIFIER = com.NathanielRemy.MIOS;
				PRODUCT_NAME = "$(TARGET_NAME)";
				SWIFT_VERSION = 4.0;
				TARGETED_DEVICE_FAMILY = 1;
			};
			name = Release;
		};
/* End XCBuildConfiguration section */

/* Begin XCConfigurationList section */
		441CCF36201F846400665115 /* Build configuration list for PBXProject "MIOS" */ = {
			isa = XCConfigurationList;
			buildConfigurations = (
				441CCF4B201F846400665115 /* Debug */,
				441CCF4C201F846400665115 /* Release */,
			);
			defaultConfigurationIsVisible = 0;
			defaultConfigurationName = Release;
		};
		441CCF4D201F846400665115 /* Build configuration list for PBXNativeTarget "MIOS" */ = {
			isa = XCConfigurationList;
			buildConfigurations = (
				441CCF4E201F846400665115 /* Debug */,
				441CCF4F201F846400665115 /* Release */,
			);
			defaultConfigurationIsVisible = 0;
			defaultConfigurationName = Release;
		};
/* End XCConfigurationList section */
	};
	rootObject = 441CCF33201F846400665115 /* Project object */;
}
